
Microsoft Visual Studio Solution File, Format Version 12.00
# Visual Studio Version 17
VisualStudioVersion = 17.8.34330.188
MinimumVisualStudioVersion = 10.0.40219.1
Project("{FAE04EC0-301F-11D3-BF4B-00C04F79EFBC}") = "project", "project\project.csproj", "{2626CB70-DA73-4FB3-9B3D-94EE24943259}"
EndProject
Global
	GlobalSection(SolutionConfigurationPlatforms) = preSolution
		Debug|Any CPU = Debug|Any CPU
		Release|Any CPU = Release|Any CPU
	EndGlobalSection
	GlobalSection(ProjectConfigurationPlatforms) = postSolution
		{2626CB70-DA73-4FB3-9B3D-94EE24943259}.Debug|Any CPU.ActiveCfg = Debug|Any CPU
		{2626CB70-DA73-4FB3-9B3D-94EE24943259}.Debug|Any CPU.Build.0 = Debug|Any CPU
		{2626CB70-DA73-4FB3-9B3D-94EE24943259}.Release|Any CPU.ActiveCfg = Release|Any CPU
		{2626CB70-DA73-4FB3-9B3D-94EE24943259}.Release|Any CPU.Build.0 = Release|Any CPU
	EndGlobalSection
	GlobalSection(SolutionProperties) = preSolution
		HideSolutionNode = FALSE
	EndGlobalSection
	GlobalSection(ExtensibilityGlobals) = postSolution
		SolutionGuid = {676D41FC-A406-4CAF-A133-6EDF9488F52A}
	EndGlobalSection
EndGlobal
